
Microsoft Visual Studio Solution File, Format Version 12.00
# Visual Studio Version 16
VisualStudioVersion = 16.0.30907.101
MinimumVisualStudioVersion = 10.0.40219.1
Project("{FAE04EC0-301F-11D3-BF4B-00C04F79EFBC}") = "PipelineNewVS", "PipelineNewVS\PipelineNewVS.csproj", "{F08897DA-3545-4A87-9DF8-75C935B1BD76}"
EndProject
Global
	GlobalSection(SolutionConfigurationPlatforms) = preSolution
		Debug|Any CPU = Debug|Any CPU
		Release|Any CPU = Release|Any CPU
	EndGlobalSection
	GlobalSection(ProjectConfigurationPlatforms) = postSolution
		{F08897DA-3545-4A87-9DF8-75C935B1BD76}.Debug|Any CPU.ActiveCfg = Debug|Any CPU
		{F08897DA-3545-4A87-9DF8-75C935B1BD76}.Debug|Any CPU.Build.0 = Debug|Any CPU
		{F08897DA-3545-4A87-9DF8-75C935B1BD76}.Release|Any CPU.ActiveCfg = Release|Any CPU
		{F08897DA-3545-4A87-9DF8-75C935B1BD76}.Release|Any CPU.Build.0 = Release|Any CPU
	EndGlobalSection
	GlobalSection(SolutionProperties) = preSolution
		HideSolutionNode = FALSE
	EndGlobalSection
	GlobalSection(ExtensibilityGlobals) = postSolution
		SolutionGuid = {FCE2D6A8-80C7-4A22-9FE4-8A90A26EC9E5}
	EndGlobalSection
EndGlobal
